
Microsoft Visual Studio Solution File, Format Version 12.00
# Visual Studio Version 16
VisualStudioVersion = 16.0.29215.179
MinimumVisualStudioVersion = 10.0.40219.1
Project("{FAE04EC0-301F-11D3-BF4B-00C04F79EFBC}") = "EdgeProgressBar.WPF", "EdgeProgressBar.WPF\EdgeProgressBar.WPF.csproj", "{1553302C-7AA2-42C8-A865-084D62653BB7}"
EndProject
Global
	GlobalSection(SolutionConfigurationPlatforms) = preSolution
		Debug|Any CPU = Debug|Any CPU
		Debug|Mixed Platforms = Debug|Mixed Platforms
		Debug|x86 = Debug|x86
		Release|Any CPU = Release|Any CPU
		Release|Mixed Platforms = Release|Mixed Platforms
		Release|x86 = Release|x86
	EndGlobalSection
	GlobalSection(ProjectConfigurationPlatforms) = postSolution
		{1553302C-7AA2-42C8-A865-084D62653BB7}.Debug|Any CPU.ActiveCfg = Debug|x86
		{1553302C-7AA2-42C8-A865-084D62653BB7}.Debug|Mixed Platforms.ActiveCfg = Debug|x86
		{1553302C-7AA2-42C8-A865-084D62653BB7}.Debug|Mixed Platforms.Build.0 = Debug|x86
		{1553302C-7AA2-42C8-A865-084D62653BB7}.Debug|x86.ActiveCfg = Debug|x86
		{1553302C-7AA2-42C8-A865-084D62653BB7}.Debug|x86.Build.0 = Debug|x86
		{1553302C-7AA2-42C8-A865-084D62653BB7}.Release|Any CPU.ActiveCfg = Release|x86
		{1553302C-7AA2-42C8-A865-084D62653BB7}.Release|Mixed Platforms.ActiveCfg = Release|x86
		{1553302C-7AA2-42C8-A865-084D62653BB7}.Release|Mixed Platforms.Build.0 = Release|x86
		{1553302C-7AA2-42C8-A865-084D62653BB7}.Release|x86.ActiveCfg = Release|x86
		{1553302C-7AA2-42C8-A865-084D62653BB7}.Release|x86.Build.0 = Release|x86
	EndGlobalSection
	GlobalSection(SolutionProperties) = preSolution
		HideSolutionNode = FALSE
	EndGlobalSection
	GlobalSection(ExtensibilityGlobals) = postSolution
		SolutionGuid = {2465EDB1-62F1-44BC-AF08-A4E7457316B7}
	EndGlobalSection
EndGlobal
